// !$*UTF8*$!
{
	archiveVersion = 1;
	classes = {
	};
	objectVersion = 52;
	objects = {

/* Begin PBXBuildFile section */
		353B778425998D6000A1B92B /* AppDelegate.swift in Sources */ = {isa = PBXBuildFile; fileRef = 353B778325998D6000A1B92B /* AppDelegate.swift */; };
		353B778625998D6000A1B92B /* SceneDelegate.swift in Sources */ = {isa = PBXBuildFile; fileRef = 353B778525998D6000A1B92B /* SceneDelegate.swift */; };
		353B778825998D6000A1B92B /* GameSearchViewController.swift in Sources */ = {isa = PBXBuildFile; fileRef = 353B778725998D6000A1B92B /* GameSearchViewController.swift */; };
		353B778B25998D6000A1B92B /* Main.storyboard in Resources */ = {isa = PBXBuildFile; fileRef = 353B778925998D6000A1B92B /* Main.storyboard */; };
		353B778D25998D6100A1B92B /* Assets.xcassets in Resources */ = {isa = PBXBuildFile; fileRef = 353B778C25998D6100A1B92B /* Assets.xcassets */; };
		353B779025998D6100A1B92B /* LaunchScreen.storyboard in Resources */ = {isa = PBXBuildFile; fileRef = 353B778E25998D6100A1B92B /* LaunchScreen.storyboard */; };
		353B77A22599C98700A1B92B /* WishlistViewController.swift in Sources */ = {isa = PBXBuildFile; fileRef = 353B77A12599C98700A1B92B /* WishlistViewController.swift */; };
		353B77A82599CACE00A1B92B /* GameDetailsViewController.swift in Sources */ = {isa = PBXBuildFile; fileRef = 353B77A72599CACE00A1B92B /* GameDetailsViewController.swift */; };
		353B77AB2599CC2200A1B92B /* VGFConstants.swift in Sources */ = {isa = PBXBuildFile; fileRef = 353B77AA2599CC2200A1B92B /* VGFConstants.swift */; };
		353B77AE2599CC3500A1B92B /* VGFClient.swift in Sources */ = {isa = PBXBuildFile; fileRef = 353B77AD2599CC3500A1B92B /* VGFClient.swift */; };
		353B77B12599CC4A00A1B92B /* VGFConvenience.swift in Sources */ = {isa = PBXBuildFile; fileRef = 353B77B02599CC4A00A1B92B /* VGFConvenience.swift */; };
		353B77B42599CC6900A1B92B /* DataController.swift in Sources */ = {isa = PBXBuildFile; fileRef = 353B77B32599CC6900A1B92B /* DataController.swift */; };
		353B77BC2599DEE800A1B92B /* VGFGamesData.swift in Sources */ = {isa = PBXBuildFile; fileRef = 353B77BB2599DEE800A1B92B /* VGFGamesData.swift */; };
		355FE706259BDA140093E05B /* VGFGame.swift in Sources */ = {isa = PBXBuildFile; fileRef = 353B77B82599DECB00A1B92B /* VGFGame.swift */; };
		359452B9259C3AF70075E996 /* VideoGameFinder.xcdatamodeld in Sources */ = {isa = PBXBuildFile; fileRef = 359452B7259C3AF70075E996 /* VideoGameFinder.xcdatamodeld */; };
		35B58DE0259CB0B800E07FC1 /* Game+Extensions.swift in Sources */ = {isa = PBXBuildFile; fileRef = 35B58DDF259CB0B800E07FC1 /* Game+Extensions.swift */; };
/* End PBXBuildFile section */

/* Begin PBXFileReference section */
		353B778025998D6000A1B92B /* VideoGameFinder.app */ = {isa = PBXFileReference; explicitFileType = wrapper.application; includeInIndex = 0; path = VideoGameFinder.app; sourceTree = BUILT_PRODUCTS_DIR; };
		353B778325998D6000A1B92B /* AppDelegate.swift */ = {isa = PBXFileReference; lastKnownFileType = sourcecode.swift; path = AppDelegate.swift; sourceTree = "<group>"; };
		353B778525998D6000A1B92B /* SceneDelegate.swift */ = {isa = PBXFileReference; lastKnownFileType = sourcecode.swift; path = SceneDelegate.swift; sourceTree = "<group>"; };
		353B778725998D6000A1B92B /* GameSearchViewController.swift */ = {isa = PBXFileReference; lastKnownFileType = sourcecode.swift; path = GameSearchViewController.swift; sourceTree = "<group>"; };
		353B778A25998D6000A1B92B /* Base */ = {isa = PBXFileReference; lastKnownFileType = file.storyboard; name = Base; path = Base.lproj/Main.storyboard; sourceTree = "<group>"; };
		353B778C25998D6100A1B92B /* Assets.xcassets */ = {isa = PBXFileReference; lastKnownFileType = folder.assetcatalog; path = Assets.xcassets; sourceTree = "<group>"; };
		353B778F25998D6100A1B92B /* Base */ = {isa = PBXFileReference; lastKnownFileType = file.storyboard; name = Base; path = Base.lproj/LaunchScreen.storyboard; sourceTree = "<group>"; };
		353B779125998D6100A1B92B /* Info.plist */ = {isa = PBXFileReference; lastKnownFileType = text.plist.xml; path = Info.plist; sourceTree = "<group>"; };
		353B77A12599C98700A1B92B /* WishlistViewController.swift */ = {isa = PBXFileReference; lastKnownFileType = sourcecode.swift; path = WishlistViewController.swift; sourceTree = "<group>"; };
		353B77A72599CACE00A1B92B /* GameDetailsViewController.swift */ = {isa = PBXFileReference; lastKnownFileType = sourcecode.swift; path = GameDetailsViewController.swift; sourceTree = "<group>"; };
		353B77AA2599CC2200A1B92B /* VGFConstants.swift */ = {isa = PBXFileReference; lastKnownFileType = sourcecode.swift; path = VGFConstants.swift; sourceTree = "<group>"; };
		353B77AD2599CC3500A1B92B /* VGFClient.swift */ = {isa = PBXFileReference; lastKnownFileType = sourcecode.swift; path = VGFClient.swift; sourceTree = "<group>"; };
		353B77B02599CC4A00A1B92B /* VGFConvenience.swift */ = {isa = PBXFileReference; lastKnownFileType = sourcecode.swift; path = VGFConvenience.swift; sourceTree = "<group>"; };
		353B77B32599CC6900A1B92B /* DataController.swift */ = {isa = PBXFileReference; lastKnownFileType = sourcecode.swift; path = DataController.swift; sourceTree = "<group>"; };
		353B77B82599DECB00A1B92B /* VGFGame.swift */ = {isa = PBXFileReference; lastKnownFileType = sourcecode.swift; path = VGFGame.swift; sourceTree = "<group>"; };
		353B77BB2599DEE800A1B92B /* VGFGamesData.swift */ = {isa = PBXFileReference; lastKnownFileType = sourcecode.swift; path = VGFGamesData.swift; sourceTree = "<group>"; };
		359452B8259C3AF70075E996 /* VideoGameFinder.xcdatamodel */ = {isa = PBXFileReference; lastKnownFileType = wrapper.xcdatamodel; path = VideoGameFinder.xcdatamodel; sourceTree = "<group>"; };
		35B58DDF259CB0B800E07FC1 /* Game+Extensions.swift */ = {isa = PBXFileReference; lastKnownFileType = sourcecode.swift; path = "Game+Extensions.swift"; sourceTree = "<group>"; };
/* End PBXFileReference section */

/* Begin PBXFrameworksBuildPhase section */
		353B777D25998D6000A1B92B /* Frameworks */ = {
			isa = PBXFrameworksBuildPhase;
			buildActionMask = 2147483647;
			files = (
			);
			runOnlyForDeploymentPostprocessing = 0;
		};
/* End PBXFrameworksBuildPhase section */

/* Begin PBXGroup section */
		353B777725998D6000A1B92B = {
			isa = PBXGroup;
			children = (
				353B778225998D6000A1B92B /* VideoGameFinder */,
				353B778125998D6000A1B92B /* Products */,
			);
			sourceTree = "<group>";
		};
		353B778125998D6000A1B92B /* Products */ = {
			isa = PBXGroup;
			children = (
				353B778025998D6000A1B92B /* VideoGameFinder.app */,
			);
			name = Products;
			sourceTree = "<group>";
		};
		353B778225998D6000A1B92B /* VideoGameFinder */ = {
			isa = PBXGroup;
			children = (
				353B779F2599C90600A1B92B /* Model */,
				353B779E2599C8DB00A1B92B /* Assets */,
				353B779C2599C8A200A1B92B /* Storyboards */,
				353B779A2599C82700A1B92B /* View Controllers */,
				353B778325998D6000A1B92B /* AppDelegate.swift */,
				353B778525998D6000A1B92B /* SceneDelegate.swift */,
				353B779125998D6100A1B92B /* Info.plist */,
			);
			path = VideoGameFinder;
			sourceTree = "<group>";
		};
		353B779A2599C82700A1B92B /* View Controllers */ = {
			isa = PBXGroup;
			children = (
				353B778725998D6000A1B92B /* GameSearchViewController.swift */,
				353B77A12599C98700A1B92B /* WishlistViewController.swift */,
				353B77A72599CACE00A1B92B /* GameDetailsViewController.swift */,
			);
			path = "View Controllers";
			sourceTree = "<group>";
		};
		353B779C2599C8A200A1B92B /* Storyboards */ = {
			isa = PBXGroup;
			children = (
				353B778925998D6000A1B92B /* Main.storyboard */,
				353B778E25998D6100A1B92B /* LaunchScreen.storyboard */,
			);
			path = Storyboards;
			sourceTree = "<group>";
		};
		353B779E2599C8DB00A1B92B /* Assets */ = {
			isa = PBXGroup;
			children = (
				353B778C25998D6100A1B92B /* Assets.xcassets */,
			);
			path = Assets;
			sourceTree = "<group>";
		};
		353B779F2599C90600A1B92B /* Model */ = {
			isa = PBXGroup;
			children = (
				35B58DDA259CB08600E07FC1 /* Managed Object Extensions */,
				353B77B62599CC7600A1B92B /* API Requests */,
				353B77B32599CC6900A1B92B /* DataController.swift */,
				359452B7259C3AF70075E996 /* VideoGameFinder.xcdatamodeld */,
			);
			path = Model;
			sourceTree = "<group>";
		};
		353B77B62599CC7600A1B92B /* API Requests */ = {
			isa = PBXGroup;
			children = (
				353B77AA2599CC2200A1B92B /* VGFConstants.swift */,
				353B77AD2599CC3500A1B92B /* VGFClient.swift */,
				353B77B02599CC4A00A1B92B /* VGFConvenience.swift */,
				353B77B82599DECB00A1B92B /* VGFGame.swift */,
				353B77BB2599DEE800A1B92B /* VGFGamesData.swift */,
			);
			path = "API Requests";
			sourceTree = "<group>";
		};
		35B58DDA259CB08600E07FC1 /* Managed Object Extensions */ = {
			isa = PBXGroup;
			children = (
				35B58DDF259CB0B800E07FC1 /* Game+Extensions.swift */,
			);
			path = "Managed Object Extensions";
			sourceTree = "<group>";
		};
/* End PBXGroup section */

/* Begin PBXNativeTarget section */
		353B777F25998D6000A1B92B /* VideoGameFinder */ = {
			isa = PBXNativeTarget;
			buildConfigurationList = 353B779425998D6100A1B92B /* Build configuration list for PBXNativeTarget "VideoGameFinder" */;
			buildPhases = (
				353B777C25998D6000A1B92B /* Sources */,
				353B777D25998D6000A1B92B /* Frameworks */,
				353B777E25998D6000A1B92B /* Resources */,
			);
			buildRules = (
			);
			dependencies = (
			);
			name = VideoGameFinder;
			productName = VideoGameFinder;
			productReference = 353B778025998D6000A1B92B /* VideoGameFinder.app */;
			productType = "com.apple.product-type.application";
		};
/* End PBXNativeTarget section */

/* Begin PBXProject section */
		353B777825998D6000A1B92B /* Project object */ = {
			isa = PBXProject;
			attributes = {
				LastSwiftUpdateCheck = 1230;
				LastUpgradeCheck = 1230;
				TargetAttributes = {
					353B777F25998D6000A1B92B = {
						CreatedOnToolsVersion = 12.3;
					};
				};
			};
			buildConfigurationList = 353B777B25998D6000A1B92B /* Build configuration list for PBXProject "VideoGameFinder" */;
			compatibilityVersion = "Xcode 11.0";
			developmentRegion = en;
			hasScannedForEncodings = 0;
			knownRegions = (
				en,
				Base,
			);
			mainGroup = 353B777725998D6000A1B92B;
			productRefGroup = 353B778125998D6000A1B92B /* Products */;
			projectDirPath = "";
			projectRoot = "";
			targets = (
				353B777F25998D6000A1B92B /* VideoGameFinder */,
			);
		};
/* End PBXProject section */

/* Begin PBXResourcesBuildPhase section */
		353B777E25998D6000A1B92B /* Resources */ = {
			isa = PBXResourcesBuildPhase;
			buildActionMask = 2147483647;
			files = (
				353B779025998D6100A1B92B /* LaunchScreen.storyboard in Resources */,
				353B778D25998D6100A1B92B /* Assets.xcassets in Resources */,
				353B778B25998D6000A1B92B /* Main.storyboard in Resources */,
			);
			runOnlyForDeploymentPostprocessing = 0;
		};
/* End PBXResourcesBuildPhase section */

/* Begin PBXSourcesBuildPhase section */
		353B777C25998D6000A1B92B /* Sources */ = {
			isa = PBXSourcesBuildPhase;
			buildActionMask = 2147483647;
			files = (
				353B778825998D6000A1B92B /* GameSearchViewController.swift in Sources */,
				355FE706259BDA140093E05B /* VGFGame.swift in Sources */,
				353B77A82599CACE00A1B92B /* GameDetailsViewController.swift in Sources */,
				35B58DE0259CB0B800E07FC1 /* Game+Extensions.swift in Sources */,
				353B77A22599C98700A1B92B /* WishlistViewController.swift in Sources */,
				353B77AB2599CC2200A1B92B /* VGFConstants.swift in Sources */,
				353B77AE2599CC3500A1B92B /* VGFClient.swift in Sources */,
				353B77B42599CC6900A1B92B /* DataController.swift in Sources */,
				353B77BC2599DEE800A1B92B /* VGFGamesData.swift in Sources */,
				353B778425998D6000A1B92B /* AppDelegate.swift in Sources */,
				359452B9259C3AF70075E996 /* VideoGameFinder.xcdatamodeld in Sources */,
				353B77B12599CC4A00A1B92B /* VGFConvenience.swift in Sources */,
				353B778625998D6000A1B92B /* SceneDelegate.swift in Sources */,
			);
			runOnlyForDeploymentPostprocessing = 0;
		};
/* End PBXSourcesBuildPhase section */

/* Begin PBXVariantGroup section */
		353B778925998D6000A1B92B /* Main.storyboard */ = {
			isa = PBXVariantGroup;
			children = (
				353B778A25998D6000A1B92B /* Base */,
			);
			name = Main.storyboard;
			sourceTree = "<group>";
		};
		353B778E25998D6100A1B92B /* LaunchScreen.storyboard */ = {
			isa = PBXVariantGroup;
			children = (
				353B778F25998D6100A1B92B /* Base */,
			);
			name = LaunchScreen.storyboard;
			sourceTree = "<group>";
		};
/* End PBXVariantGroup section */

/* Begin XCBuildConfiguration section */
		353B779225998D6100A1B92B /* Debug */ = {
			isa = XCBuildConfiguration;
			buildSettings = {
				ALWAYS_SEARCH_USER_PATHS = NO;
				CLANG_ANALYZER_NONNULL = YES;
				CLANG_ANALYZER_NUMBER_OBJECT_CONVERSION = YES_AGGRESSIVE;
				CLANG_CXX_LANGUAGE_STANDARD = "gnu++14";
				CLANG_CXX_LIBRARY = "libc++";
				CLANG_ENABLE_MODULES = YES;
				CLANG_ENABLE_OBJC_ARC = YES;
				CLANG_ENABLE_OBJC_WEAK = YES;
				CLANG_WARN_BLOCK_CAPTURE_AUTORELEASING = YES;
				CLANG_WARN_BOOL_CONVERSION = YES;
				CLANG_WARN_COMMA = YES;
				CLANG_WARN_CONSTANT_CONVERSION = YES;
				CLANG_WARN_DEPRECATED_OBJC_IMPLEMENTATIONS = YES;
				CLANG_WARN_DIRECT_OBJC_ISA_USAGE = YES_ERROR;
				CLANG_WARN_DOCUMENTATION_COMMENTS = YES;
				CLANG_WARN_EMPTY_BODY = YES;
				CLANG_WARN_ENUM_CONVERSION = YES;
				CLANG_WARN_INFINITE_RECURSION = YES;
				CLANG_WARN_INT_CONVERSION = YES;
				CLANG_WARN_NON_LITERAL_NULL_CONVERSION = YES;
				CLANG_WARN_OBJC_IMPLICIT_RETAIN_SELF = YES;
				CLANG_WARN_OBJC_LITERAL_CONVERSION = YES;
				CLANG_WARN_OBJC_ROOT_CLASS = YES_ERROR;
				CLANG_WARN_QUOTED_INCLUDE_IN_FRAMEWORK_HEADER = YES;
				CLANG_WARN_RANGE_LOOP_ANALYSIS = YES;
				CLANG_WARN_STRICT_PROTOTYPES = YES;
				CLANG_WARN_SUSPICIOUS_MOVE = YES;
				CLANG_WARN_UNGUARDED_AVAILABILITY = YES_AGGRESSIVE;
				CLANG_WARN_UNREACHABLE_CODE = YES;
				CLANG_WARN__DUPLICATE_METHOD_MATCH = YES;
				COPY_PHASE_STRIP = NO;
				DEBUG_INFORMATION_FORMAT = dwarf;
				ENABLE_STRICT_OBJC_MSGSEND = YES;
				ENABLE_TESTABILITY = YES;
				GCC_C_LANGUAGE_STANDARD = gnu11;
				GCC_DYNAMIC_NO_PIC = NO;
				GCC_NO_COMMON_BLOCKS = YES;
				GCC_OPTIMIZATION_LEVEL = 0;
				GCC_PREPROCESSOR_DEFINITIONS = (
					"DEBUG=1",
					"$(inherited)",
				);
				GCC_WARN_64_TO_32_BIT_CONVERSION = YES;
				GCC_WARN_ABOUT_RETURN_TYPE = YES_ERROR;
				GCC_WARN_UNDECLARED_SELECTOR = YES;
				GCC_WARN_UNINITIALIZED_AUTOS = YES_AGGRESSIVE;
				GCC_WARN_UNUSED_FUNCTION = YES;
				GCC_WARN_UNUSED_VARIABLE = YES;
				IPHONEOS_DEPLOYMENT_TARGET = 14.3;
				MTL_ENABLE_DEBUG_INFO = INCLUDE_SOURCE;
				MTL_FAST_MATH = YES;
				ONLY_ACTIVE_ARCH = YES;
				SDKROOT = iphoneos;
				SWIFT_ACTIVE_COMPILATION_CONDITIONS = DEBUG;
				SWIFT_OPTIMIZATION_LEVEL = "-Onone";
			};
			name = Debug;
		};
		353B779325998D6100A1B92B /* Release */ = {
			isa = XCBuildConfiguration;
			buildSettings = {
				ALWAYS_SEARCH_USER_PATHS = NO;
				CLANG_ANALYZER_NONNULL = YES;
				CLANG_ANALYZER_NUMBER_OBJECT_CONVERSION = YES_AGGRESSIVE;
				CLANG_CXX_LANGUAGE_STANDARD = "gnu++14";
				CLANG_CXX_LIBRARY = "libc++";
				CLANG_ENABLE_MODULES = YES;
				CLANG_ENABLE_OBJC_ARC = YES;
				CLANG_ENABLE_OBJC_WEAK = YES;
				CLANG_WARN_BLOCK_CAPTURE_AUTORELEASING = YES;
				CLANG_WARN_BOOL_CONVERSION = YES;
				CLANG_WARN_COMMA = YES;
				CLANG_WARN_CONSTANT_CONVERSION = YES;
				CLANG_WARN_DEPRECATED_OBJC_IMPLEMENTATIONS = YES;
				CLANG_WARN_DIRECT_OBJC_ISA_USAGE = YES_ERROR;
				CLANG_WARN_DOCUMENTATION_COMMENTS = YES;
				CLANG_WARN_EMPTY_BODY = YES;
				CLANG_WARN_ENUM_CONVERSION = YES;
				CLANG_WARN_INFINITE_RECURSION = YES;
				CLANG_WARN_INT_CONVERSION = YES;
				CLANG_WARN_NON_LITERAL_NULL_CONVERSION = YES;
				CLANG_WARN_OBJC_IMPLICIT_RETAIN_SELF = YES;
				CLANG_WARN_OBJC_LITERAL_CONVERSION = YES;
				CLANG_WARN_OBJC_ROOT_CLASS = YES_ERROR;
				CLANG_WARN_QUOTED_INCLUDE_IN_FRAMEWORK_HEADER = YES;
				CLANG_WARN_RANGE_LOOP_ANALYSIS = YES;
				CLANG_WARN_STRICT_PROTOTYPES = YES;
				CLANG_WARN_SUSPICIOUS_MOVE = YES;
				CLANG_WARN_UNGUARDED_AVAILABILITY = YES_AGGRESSIVE;
				CLANG_WARN_UNREACHABLE_CODE = YES;
				CLANG_WARN__DUPLICATE_METHOD_MATCH = YES;
				COPY_PHASE_STRIP = NO;
				DEBUG_INFORMATION_FORMAT = "dwarf-with-dsym";
				ENABLE_NS_ASSERTIONS = NO;
				ENABLE_STRICT_OBJC_MSGSEND = YES;
				GCC_C_LANGUAGE_STANDARD = gnu11;
				GCC_NO_COMMON_BLOCKS = YES;
				GCC_WARN_64_TO_32_BIT_CONVERSION = YES;
				GCC_WARN_ABOUT_RETURN_TYPE = YES_ERROR;
				GCC_WARN_UNDECLARED_SELECTOR = YES;
				GCC_WARN_UNINITIALIZED_AUTOS = YES_AGGRESSIVE;
				GCC_WARN_UNUSED_FUNCTION = YES;
				GCC_WARN_UNUSED_VARIABLE = YES;
				IPHONEOS_DEPLOYMENT_TARGET = 14.3;
				MTL_ENABLE_DEBUG_INFO = NO;
				MTL_FAST_MATH = YES;
				SDKROOT = iphoneos;
				SWIFT_COMPILATION_MODE = wholemodule;
				SWIFT_OPTIMIZATION_LEVEL = "-O";
				VALIDATE_PRODUCT = YES;
			};
			name = Release;
		};
		353B779525998D6100A1B92B /* Debug */ = {
			isa = XCBuildConfiguration;
			buildSettings = {
				ASSETCATALOG_COMPILER_APPICON_NAME = AppIcon;
				ASSETCATALOG_COMPILER_GLOBAL_ACCENT_COLOR_NAME = AccentColor;
				CODE_SIGN_STYLE = Automatic;
				DEVELOPMENT_TEAM = PAQYV964D6;
				INFOPLIST_FILE = VideoGameFinder/Info.plist;
				IPHONEOS_DEPLOYMENT_TARGET = 14.2;
				LD_RUNPATH_SEARCH_PATHS = (
					"$(inherited)",
					"@executable_path/Frameworks",
				);
				PRODUCT_BUNDLE_IDENTIFIER = com.srdm.VideoGameFinder;
				PRODUCT_NAME = "$(TARGET_NAME)";
				SWIFT_VERSION = 5.0;
				TARGETED_DEVICE_FAMILY = "1,2";
			};
			name = Debug;
		};
		353B779625998D6100A1B92B /* Release */ = {
			isa = XCBuildConfiguration;
			buildSettings = {
				ASSETCATALOG_COMPILER_APPICON_NAME = AppIcon;
				ASSETCATALOG_COMPILER_GLOBAL_ACCENT_COLOR_NAME = AccentColor;
				CODE_SIGN_STYLE = Automatic;
				DEVELOPMENT_TEAM = PAQYV964D6;
				INFOPLIST_FILE = VideoGameFinder/Info.plist;
				IPHONEOS_DEPLOYMENT_TARGET = 14.2;
				LD_RUNPATH_SEARCH_PATHS = (
					"$(inherited)",
					"@executable_path/Frameworks",
				);
				PRODUCT_BUNDLE_IDENTIFIER = com.srdm.VideoGameFinder;
				PRODUCT_NAME = "$(TARGET_NAME)";
				SWIFT_VERSION = 5.0;
				TARGETED_DEVICE_FAMILY = "1,2";
			};
			name = Release;
		};
/* End XCBuildConfiguration section */

/* Begin XCConfigurationList section */
		353B777B25998D6000A1B92B /* Build configuration list for PBXProject "VideoGameFinder" */ = {
			isa = XCConfigurationList;
			buildConfigurations = (
				353B779225998D6100A1B92B /* Debug */,
				353B779325998D6100A1B92B /* Release */,
			);
			defaultConfigurationIsVisible = 0;
			defaultConfigurationName = Release;
		};
		353B779425998D6100A1B92B /* Build configuration list for PBXNativeTarget "VideoGameFinder" */ = {
			isa = XCConfigurationList;
			buildConfigurations = (
				353B779525998D6100A1B92B /* Debug */,
				353B779625998D6100A1B92B /* Release */,
			);
			defaultConfigurationIsVisible = 0;
			defaultConfigurationName = Release;
		};
/* End XCConfigurationList section */

/* Begin XCVersionGroup section */
		359452B7259C3AF70075E996 /* VideoGameFinder.xcdatamodeld */ = {
			isa = XCVersionGroup;
			children = (
				359452B8259C3AF70075E996 /* VideoGameFinder.xcdatamodel */,
			);
			currentVersion = 359452B8259C3AF70075E996 /* VideoGameFinder.xcdatamodel */;
			path = VideoGameFinder.xcdatamodeld;
			sourceTree = "<group>";
			versionGroupType = wrapper.xcdatamodel;
		};
/* End XCVersionGroup section */
	};
	rootObject = 353B777825998D6000A1B92B /* Project object */;
}
